
Microsoft Visual Studio Solution File, Format Version 12.00
# Visual Studio Version 17
VisualStudioVersion = 17.0.31903.59
MinimumVisualStudioVersion = 10.0.40219.1
Project("{FAE04EC0-301F-11D3-BF4B-00C04F79EFBC}") = "BusShuttleDriver.Web", "BusShuttleDriver.Web\BusShuttleDriver.Web.csproj", "{7BA0593A-7A6D-4DF9-A1B8-10614E71162E}"
EndProject
Project("{FAE04EC0-301F-11D3-BF4B-00C04F79EFBC}") = "BusShuttleDriver.Domain", "BusShuttleDriver.Domain\BusShuttleDriver.Domain.csproj", "{64334C93-1C89-4D9A-B4E2-ADCF3C17F865}"
EndProject
Project("{FAE04EC0-301F-11D3-BF4B-00C04F79EFBC}") = "BusShuttleDriver.Data", "BusShuttleDriver.Data\BusShuttleDriver.Data.csproj", "{296B30AC-2D06-488C-99C3-0F303C2347DC}"
EndProject
Global
	GlobalSection(SolutionConfigurationPlatforms) = preSolution
		Debug|Any CPU = Debug|Any CPU
		Release|Any CPU = Release|Any CPU
	EndGlobalSection
	GlobalSection(SolutionProperties) = preSolution
		HideSolutionNode = FALSE
	EndGlobalSection
	GlobalSection(ProjectConfigurationPlatforms) = postSolution
		{7BA0593A-7A6D-4DF9-A1B8-10614E71162E}.Debug|Any CPU.ActiveCfg = Debug|Any CPU
		{7BA0593A-7A6D-4DF9-A1B8-10614E71162E}.Debug|Any CPU.Build.0 = Debug|Any CPU
		{7BA0593A-7A6D-4DF9-A1B8-10614E71162E}.Release|Any CPU.ActiveCfg = Release|Any CPU
		{7BA0593A-7A6D-4DF9-A1B8-10614E71162E}.Release|Any CPU.Build.0 = Release|Any CPU
		{64334C93-1C89-4D9A-B4E2-ADCF3C17F865}.Debug|Any CPU.ActiveCfg = Debug|Any CPU
		{64334C93-1C89-4D9A-B4E2-ADCF3C17F865}.Debug|Any CPU.Build.0 = Debug|Any CPU
		{64334C93-1C89-4D9A-B4E2-ADCF3C17F865}.Release|Any CPU.ActiveCfg = Release|Any CPU
		{64334C93-1C89-4D9A-B4E2-ADCF3C17F865}.Release|Any CPU.Build.0 = Release|Any CPU
		{296B30AC-2D06-488C-99C3-0F303C2347DC}.Debug|Any CPU.ActiveCfg = Debug|Any CPU
		{296B30AC-2D06-488C-99C3-0F303C2347DC}.Debug|Any CPU.Build.0 = Debug|Any CPU
		{296B30AC-2D06-488C-99C3-0F303C2347DC}.Release|Any CPU.ActiveCfg = Release|Any CPU
		{296B30AC-2D06-488C-99C3-0F303C2347DC}.Release|Any CPU.Build.0 = Release|Any CPU
	EndGlobalSection
EndGlobal
